PODS:
  - SensingKit (0.6.0)
  - SSZipArchive (2.6.0)

DEPENDENCIES:
  - SensingKit (from `https://github.com/SensingKit/SensingKit-iOS.git`, branch `master`)
  - SSZipArchive

SPEC REPOS:
  trunk:
    - SSZipArchive

EXTERNAL SOURCES:
  SensingKit:
    :branch: master
    :git: https://github.com/SensingKit/SensingKit-iOS.git

CHECKOUT OPTIONS:
  SensingKit:
    :commit: 2bffc5da83586ca746da5e025be2607f5abe1623
    :git: https://github.com/SensingKit/SensingKit-iOS.git

SPEC CHECKSUMS:
  SensingKit: 2a3a071ff7398ba21c75f297b08ecdec2fe0c752
  SSZipArchive: 8a6ee5677c8e304bebc109e39cf0da91ccef22ea

PODFILE CHECKSUM: e9a91c1513fdc1598bfe9005bdaff665eab3c1d7

COCOAPODS: 1.16.2
