PODS:
  - SensingKit (0.5.1)
  - SSZipArchive (2.2.3)

DEPENDENCIES:
  - SensingKit
  - SSZipArchive

SPEC REPOS:
  trunk:
    - SensingKit
    - SSZipArchive

SPEC CHECKSUMS:
  SensingKit: e4acb178652e6bcf23e564f2da111e5087b39e79
  SSZipArchive: 62d4947b08730e4cda640473b0066d209ff033c9

PODFILE CHECKSUM: e65be669e13be71ee86409b859f94b4667ca4be9

COCOAPODS: 1.9.3
