// !$*UTF8*$!
{
	archiveVersion = 1;
	classes = {
	};
	objectVersion = 46;
	objects = {

/* Begin PBXBuildFile section */
		CF18C39319ED439B00E295CB /* CSSetupTableViewController.m in Sources */ = {isa = PBXBuildFile; fileRef = CF18C39219ED439B00E295CB /* CSSetupTableViewController.m */; };
		CF18C39619ED446500E295CB /* CSSensorSetupTableViewController.m in Sources */ = {isa = PBXBuildFile; fileRef = CF18C39519ED446500E295CB /* CSSensorSetupTableViewController.m */; };
		CF18C39D19ED4BA400E295CB /* CSSamplingRateSensorSetup.m in Sources */ = {isa = PBXBuildFile; fileRef = CF18C39C19ED4BA400E295CB /* CSSamplingRateSensorSetup.m */; };
		CF18C3A019ED4BDC00E295CB /* CSSimpleSensorSetup.m in Sources */ = {isa = PBXBuildFile; fileRef = CF18C39F19ED4BDC00E295CB /* CSSimpleSensorSetup.m */; };
		CF18C3A319ED4C0000E295CB /* CSLocationSensorSetup.m in Sources */ = {isa = PBXBuildFile; fileRef = CF18C3A219ED4C0000E295CB /* CSLocationSensorSetup.m */; };
		CF18C3A619ED4C1200E295CB /* CSProximitySensorSetup.m in Sources */ = {isa = PBXBuildFile; fileRef = CF18C3A519ED4C1200E295CB /* CSProximitySensorSetup.m */; };
		CF18C3A919ED4C7700E295CB /* CSSelectSamplingRate.m in Sources */ = {isa = PBXBuildFile; fileRef = CF18C3A819ED4C7700E295CB /* CSSelectSamplingRate.m */; };
		CF18C3AC19ED4E3500E295CB /* CSGenericSensorSetup.m in Sources */ = {isa = PBXBuildFile; fileRef = CF18C3AB19ED4E3500E295CB /* CSGenericSensorSetup.m */; };
		CF3F84F21A20CC6700FAFA58 /* SensingKit.framework in Frameworks */ = {isa = PBXBuildFile; fileRef = CF3F84F11A20CC6700FAFA58 /* SensingKit.framework */; };
		CF5298991A0D1141002A4D54 /* SKStyles.m in Sources */ = {isa = PBXBuildFile; fileRef = CF5298981A0D1141002A4D54 /* SKStyles.m */; };
		CF52989B1A0D16C4002A4D54 /* Storyboard.storyboard in Resources */ = {isa = PBXBuildFile; fileRef = CFFF326719796BF600F7CE57 /* Storyboard.storyboard */; };
		CF8E9BD71B3356E6005AC2FC /* Model.xcdatamodeld in Sources */ = {isa = PBXBuildFile; fileRef = CF8E9BD51B3356E6005AC2FC /* Model.xcdatamodeld */; };
		CF8E9BE01B336195005AC2FC /* CoreData.framework in Frameworks */ = {isa = PBXBuildFile; fileRef = CF8E9BDF1B336195005AC2FC /* CoreData.framework */; };
		CF8E9BEB1B342BB9005AC2FC /* CoreDataTableViewController.m in Sources */ = {isa = PBXBuildFile; fileRef = CF8E9BEA1B342BB9005AC2FC /* CoreDataTableViewController.m */; };
		CF8E9BEE1B342C6D005AC2FC /* CSMainTableTableViewController.m in Sources */ = {isa = PBXBuildFile; fileRef = CF8E9BED1B342C6D005AC2FC /* CSMainTableTableViewController.m */; };
		CF8E9BF11B344D4B005AC2FC /* LogEntry.m in Sources */ = {isa = PBXBuildFile; fileRef = CF8E9BF01B344D4B005AC2FC /* LogEntry.m */; };
		CF8E9BF41B344D4B005AC2FC /* Recording.m in Sources */ = {isa = PBXBuildFile; fileRef = CF8E9BF31B344D4B005AC2FC /* Recording.m */; };
		CF8E9BFA1B344EF3005AC2FC /* Recording+Create.m in Sources */ = {isa = PBXBuildFile; fileRef = CF8E9BF91B344EF3005AC2FC /* Recording+Create.m */; };
		CF8E9BFD1B346733005AC2FC /* LogEntry+Create.m in Sources */ = {isa = PBXBuildFile; fileRef = CF8E9BFC1B346733005AC2FC /* LogEntry+Create.m */; };
		CFB668BC1B5434BC00D3ED80 /* CSSensingSession.m in Sources */ = {isa = PBXBuildFile; fileRef = CFB668BB1B5434BC00D3ED80 /* CSSensingSession.m */; };
		CFB668BF1B5434CC00D3ED80 /* CSModelWriter.m in Sources */ = {isa = PBXBuildFile; fileRef = CFB668BE1B5434CC00D3ED80 /* CSModelWriter.m */; };
		CFB7CD2119F2E2BC00F6B406 /* CSInfoViewController.m in Sources */ = {isa = PBXBuildFile; fileRef = CFB7CD2019F2E2BC00F6B406 /* CSInfoViewController.m */; };
		CFC0F8AE19EC2242006CA622 /* CSRoundButton.m in Sources */ = {isa = PBXBuildFile; fileRef = CFC0F8AD19EC2242006CA622 /* CSRoundButton.m */; };
		CFD450291B885C4900E2E78D /* CSInformationModelWriter.m in Sources */ = {isa = PBXBuildFile; fileRef = CFD450281B885C4900E2E78D /* CSInformationModelWriter.m */; };
		CFD450431B8A0DEC00E2E78D /* Settings.bundle in Resources */ = {isa = PBXBuildFile; fileRef = CFD450421B8A0DEC00E2E78D /* Settings.bundle */; };
		CFFF325619796BF600F7CE57 /* Foundation.framework in Frameworks */ = {isa = PBXBuildFile; fileRef = CFFF325519796BF600F7CE57 /* Foundation.framework */; };
		CFFF325819796BF600F7CE57 /* CoreGraphics.framework in Frameworks */ = {isa = PBXBuildFile; fileRef = CFFF325719796BF600F7CE57 /* CoreGraphics.framework */; };
		CFFF325A19796BF600F7CE57 /* UIKit.framework in Frameworks */ = {isa = PBXBuildFile; fileRef = CFFF325919796BF600F7CE57 /* UIKit.framework */; };
		CFFF326019796BF600F7CE57 /* InfoPlist.strings in Resources */ = {isa = PBXBuildFile; fileRef = CFFF325E19796BF600F7CE57 /* InfoPlist.strings */; };
		CFFF326219796BF600F7CE57 /* main.m in Sources */ = {isa = PBXBuildFile; fileRef = CFFF326119796BF600F7CE57 /* main.m */; };
		CFFF326619796BF600F7CE57 /* CSAppDelegate.m in Sources */ = {isa = PBXBuildFile; fileRef = CFFF326519796BF600F7CE57 /* CSAppDelegate.m */; };
		CFFF326F19796BF600F7CE57 /* CSRecordViewController.m in Sources */ = {isa = PBXBuildFile; fileRef = CFFF326E19796BF600F7CE57 /* CSRecordViewController.m */; };
		CFFF327119796BF600F7CE57 /* Images.xcassets in Resources */ = {isa = PBXBuildFile; fileRef = CFFF327019796BF600F7CE57 /* Images.xcassets */; };
		CFFF327919796BF600F7CE57 /* Foundation.framework in Frameworks */ = {isa = PBXBuildFile; fileRef = CFFF325519796BF600F7CE57 /* Foundation.framework */; };
		CFFF327A19796BF600F7CE57 /* UIKit.framework in Frameworks */ = {isa = PBXBuildFile; fileRef = CFFF325919796BF600F7CE57 /* UIKit.framework */; };
		CFFF328219796BF600F7CE57 /* InfoPlist.strings in Resources */ = {isa = PBXBuildFile; fileRef = CFFF328019796BF600F7CE57 /* InfoPlist.strings */; };
		CFFF328419796BF600F7CE57 /* CrowdSensing_iOSTests.m in Sources */ = {isa = PBXBuildFile; fileRef = CFFF328319796BF600F7CE57 /* CrowdSensing_iOSTests.m */; };
/* End PBXBuildFile section */

/* Begin PBXContainerItemProxy section */
		CFFF327B19796BF600F7CE57 /* PBXContainerItemProxy */ = {
			isa = PBXContainerItemProxy;
			containerPortal = CFFF324A19796BF600F7CE57 /* Project object */;
			proxyType = 1;
			remoteGlobalIDString = CFFF325119796BF600F7CE57;
			remoteInfo = "CrowdSensing-iOS";
		};
/* End PBXContainerItemProxy section */

/* Begin PBXFileReference section */
		CF18C39119ED439B00E295CB /* CSSetupTableViewController.h */ = {isa = PBXFileReference; fileEncoding = 4; lastKnownFileType = sourcecode.c.h; path = CSSetupTableViewController.h; sourceTree = "<group>"; };
		CF18C39219ED439B00E295CB /* CSSetupTableViewController.m */ = {isa = PBXFileReference; fileEncoding = 4; lastKnownFileType = sourcecode.c.objc; path = CSSetupTableViewController.m; sourceTree = "<group>"; };
		CF18C39419ED446500E295CB /* CSSensorSetupTableViewController.h */ = {isa = PBXFileReference; fileEncoding = 4; lastKnownFileType = sourcecode.c.h; path = CSSensorSetupTableViewController.h; sourceTree = "<group>"; };
		CF18C39519ED446500E295CB /* CSSensorSetupTableViewController.m */ = {isa = PBXFileReference; fileEncoding = 4; lastKnownFileType = sourcecode.c.objc; path = CSSensorSetupTableViewController.m; sourceTree = "<group>"; };
		CF18C39B19ED4BA400E295CB /* CSSamplingRateSensorSetup.h */ = {isa = PBXFileReference; fileEncoding = 4; lastKnownFileType = sourcecode.c.h; path = CSSamplingRateSensorSetup.h; sourceTree = "<group>"; };
		CF18C39C19ED4BA400E295CB /* CSSamplingRateSensorSetup.m */ = {isa = PBXFileReference; fileEncoding = 4; lastKnownFileType = sourcecode.c.objc; path = CSSamplingRateSensorSetup.m; sourceTree = "<group>"; };
		CF18C39E19ED4BDC00E295CB /* CSSimpleSensorSetup.h */ = {isa = PBXFileReference; fileEncoding = 4; lastKnownFileType = sourcecode.c.h; path = CSSimpleSensorSetup.h; sourceTree = "<group>"; };
		CF18C39F19ED4BDC00E295CB /* CSSimpleSensorSetup.m */ = {isa = PBXFileReference; fileEncoding = 4; lastKnownFileType = sourcecode.c.objc; path = CSSimpleSensorSetup.m; sourceTree = "<group>"; };
		CF18C3A119ED4C0000E295CB /* CSLocationSensorSetup.h */ = {isa = PBXFileReference; fileEncoding = 4; lastKnownFileType = sourcecode.c.h; path = CSLocationSensorSetup.h; sourceTree = "<group>"; };
		CF18C3A219ED4C0000E295CB /* CSLocationSensorSetup.m */ = {isa = PBXFileReference; fileEncoding = 4; lastKnownFileType = sourcecode.c.objc; path = CSLocationSensorSetup.m; sourceTree = "<group>"; };
		CF18C3A419ED4C1200E295CB /* CSProximitySensorSetup.h */ = {isa = PBXFileReference; fileEncoding = 4; lastKnownFileType = sourcecode.c.h; path = CSProximitySensorSetup.h; sourceTree = "<group>"; };
		CF18C3A519ED4C1200E295CB /* CSProximitySensorSetup.m */ = {isa = PBXFileReference; fileEncoding = 4; lastKnownFileType = sourcecode.c.objc; path = CSProximitySensorSetup.m; sourceTree = "<group>"; };
		CF18C3A719ED4C7700E295CB /* CSSelectSamplingRate.h */ = {isa = PBXFileReference; fileEncoding = 4; lastKnownFileType = sourcecode.c.h; path = CSSelectSamplingRate.h; sourceTree = "<group>"; };
		CF18C3A819ED4C7700E295CB /* CSSelectSamplingRate.m */ = {isa = PBXFileReference; fileEncoding = 4; lastKnownFileType = sourcecode.c.objc; path = CSSelectSamplingRate.m; sourceTree = "<group>"; };
		CF18C3AA19ED4E3500E295CB /* CSGenericSensorSetup.h */ = {isa = PBXFileReference; fileEncoding = 4; lastKnownFileType = sourcecode.c.h; path = CSGenericSensorSetup.h; sourceTree = "<group>"; };
		CF18C3AB19ED4E3500E295CB /* CSGenericSensorSetup.m */ = {isa = PBXFileReference; fileEncoding = 4; lastKnownFileType = sourcecode.c.objc; path = CSGenericSensorSetup.m; sourceTree = "<group>"; };
		CF3F84F11A20CC6700FAFA58 /* SensingKit.framework */ = {isa = PBXFileReference; lastKnownFileType = wrapper.framework; path = SensingKit.framework; sourceTree = "<group>"; };
		CF5298971A0D1141002A4D54 /* SKStyles.h */ = {isa = PBXFileReference; fileEncoding = 4; lastKnownFileType = sourcecode.c.h; name = SKStyles.h; path = "CrowdSensing-iOS/SKStyles.h"; sourceTree = "<group>"; };
		CF5298981A0D1141002A4D54 /* SKStyles.m */ = {isa = PBXFileReference; fileEncoding = 4; lastKnownFileType = sourcecode.c.objc; name = SKStyles.m; path = "CrowdSensing-iOS/SKStyles.m"; sourceTree = "<group>"; };
		CF8E9BD61B3356E6005AC2FC /* Model.xcdatamodel */ = {isa = PBXFileReference; lastKnownFileType = wrapper.xcdatamodel; path = Model.xcdatamodel; sourceTree = "<group>"; };
		CF8E9BDF1B336195005AC2FC /* CoreData.framework */ = {isa = PBXFileReference; lastKnownFileType = wrapper.framework; name = CoreData.framework; path = System/Library/Frameworks/CoreData.framework; sourceTree = SDKROOT; };
		CF8E9BE91B342BB9005AC2FC /* CoreDataTableViewController.h */ = {isa = PBXFileReference; fileEncoding = 4; lastKnownFileType = sourcecode.c.h; path = CoreDataTableViewController.h; sourceTree = "<group>"; };
		CF8E9BEA1B342BB9005AC2FC /* CoreDataTableViewController.m */ = {isa = PBXFileReference; fileEncoding = 4; lastKnownFileType = sourcecode.c.objc; path = CoreDataTableViewController.m; sourceTree = "<group>"; };
		CF8E9BEC1B342C6D005AC2FC /* CSMainTableTableViewController.h */ = {isa = PBXFileReference; fileEncoding = 4; lastKnownFileType = sourcecode.c.h; path = CSMainTableTableViewController.h; sourceTree = "<group>"; };
		CF8E9BED1B342C6D005AC2FC /* CSMainTableTableViewController.m */ = {isa = PBXFileReference; fileEncoding = 4; lastKnownFileType = sourcecode.c.objc; path = CSMainTableTableViewController.m; sourceTree = "<group>"; };
		CF8E9BEF1B344D4B005AC2FC /* LogEntry.h */ = {isa = PBXFileReference; fileEncoding = 4; lastKnownFileType = sourcecode.c.h; path = LogEntry.h; sourceTree = "<group>"; };
		CF8E9BF01B344D4B005AC2FC /* LogEntry.m */ = {isa = PBXFileReference; fileEncoding = 4; lastKnownFileType = sourcecode.c.objc; path = LogEntry.m; sourceTree = "<group>"; };
		CF8E9BF21B344D4B005AC2FC /* Recording.h */ = {isa = PBXFileReference; fileEncoding = 4; lastKnownFileType = sourcecode.c.h; path = Recording.h; sourceTree = "<group>"; };
		CF8E9BF31B344D4B005AC2FC /* Recording.m */ = {isa = PBXFileReference; fileEncoding = 4; lastKnownFileType = sourcecode.c.objc; path = Recording.m; sourceTree = "<group>"; };
		CF8E9BF81B344EF3005AC2FC /* Recording+Create.h */ = {isa = PBXFileReference; fileEncoding = 4; lastKnownFileType = sourcecode.c.h; path = "Recording+Create.h"; sourceTree = "<group>"; };
		CF8E9BF91B344EF3005AC2FC /* Recording+Create.m */ = {isa = PBXFileReference; fileEncoding = 4; lastKnownFileType = sourcecode.c.objc; path = "Recording+Create.m"; sourceTree = "<group>"; };
		CF8E9BFB1B346733005AC2FC /* LogEntry+Create.h */ = {isa = PBXFileReference; fileEncoding = 4; lastKnownFileType = sourcecode.c.h; path = "LogEntry+Create.h"; sourceTree = "<group>"; };
		CF8E9BFC1B346733005AC2FC /* LogEntry+Create.m */ = {isa = PBXFileReference; fileEncoding = 4; lastKnownFileType = sourcecode.c.objc; path = "LogEntry+Create.m"; sourceTree = "<group>"; };
		CFB668BA1B5434BC00D3ED80 /* CSSensingSession.h */ = {isa = PBXFileReference; fileEncoding = 4; lastKnownFileType = sourcecode.c.h; path = CSSensingSession.h; sourceTree = "<group>"; };
		CFB668BB1B5434BC00D3ED80 /* CSSensingSession.m */ = {isa = PBXFileReference; fileEncoding = 4; lastKnownFileType = sourcecode.c.objc; path = CSSensingSession.m; sourceTree = "<group>"; };
		CFB668BD1B5434CC00D3ED80 /* CSModelWriter.h */ = {isa = PBXFileReference; fileEncoding = 4; lastKnownFileType = sourcecode.c.h; path = CSModelWriter.h; sourceTree = "<group>"; };
		CFB668BE1B5434CC00D3ED80 /* CSModelWriter.m */ = {isa = PBXFileReference; fileEncoding = 4; lastKnownFileType = sourcecode.c.objc; path = CSModelWriter.m; sourceTree = "<group>"; };
		CFB7CD1F19F2E2BC00F6B406 /* CSInfoViewController.h */ = {isa = PBXFileReference; fileEncoding = 4; lastKnownFileType = sourcecode.c.h; path = CSInfoViewController.h; sourceTree = "<group>"; };
		CFB7CD2019F2E2BC00F6B406 /* CSInfoViewController.m */ = {isa = PBXFileReference; fileEncoding = 4; lastKnownFileType = sourcecode.c.objc; path = CSInfoViewController.m; sourceTree = "<group>"; };
		CFC0F8AC19EC2242006CA622 /* CSRoundButton.h */ = {isa = PBXFileReference; fileEncoding = 4; lastKnownFileType = sourcecode.c.h; path = CSRoundButton.h; sourceTree = "<group>"; };
		CFC0F8AD19EC2242006CA622 /* CSRoundButton.m */ = {isa = PBXFileReference; fileEncoding = 4; lastKnownFileType = sourcecode.c.objc; path = CSRoundButton.m; sourceTree = "<group>"; };
		CFD450271B885C4900E2E78D /* CSInformationModelWriter.h */ = {isa = PBXFileReference; fileEncoding = 4; lastKnownFileType = sourcecode.c.h; path = CSInformationModelWriter.h; sourceTree = "<group>"; };
		CFD450281B885C4900E2E78D /* CSInformationModelWriter.m */ = {isa = PBXFileReference; fileEncoding = 4; lastKnownFileType = sourcecode.c.objc; path = CSInformationModelWriter.m; sourceTree = "<group>"; };
		CFD450421B8A0DEC00E2E78D /* Settings.bundle */ = {isa = PBXFileReference; lastKnownFileType = "wrapper.plug-in"; name = Settings.bundle; path = ../Settings.bundle; sourceTree = "<group>"; };
		CFF581D91A0EA56400CBEE4D /* libz.dylib */ = {isa = PBXFileReference; lastKnownFileType = "compiled.mach-o.dylib"; name = libz.dylib; path = usr/lib/libz.dylib; sourceTree = SDKROOT; };
		CFFF325219796BF600F7CE57 /* CrowdSensing-iOS.app */ = {isa = PBXFileReference; explicitFileType = wrapper.application; includeInIndex = 0; path = "CrowdSensing-iOS.app"; sourceTree = BUILT_PRODUCTS_DIR; };
		CFFF325519796BF600F7CE57 /* Foundation.framework */ = {isa = PBXFileReference; lastKnownFileType = wrapper.framework; name = Foundation.framework; path = System/Library/Frameworks/Foundation.framework; sourceTree = SDKROOT; };
		CFFF325719796BF600F7CE57 /* CoreGraphics.framework */ = {isa = PBXFileReference; lastKnownFileType = wrapper.framework; name = CoreGraphics.framework; path = System/Library/Frameworks/CoreGraphics.framework; sourceTree = SDKROOT; };
		CFFF325919796BF600F7CE57 /* UIKit.framework */ = {isa = PBXFileReference; lastKnownFileType = wrapper.framework; name = UIKit.framework; path = System/Library/Frameworks/UIKit.framework; sourceTree = SDKROOT; };
		CFFF325D19796BF600F7CE57 /* CrowdSensing-iOS-Info.plist */ = {isa = PBXFileReference; lastKnownFileType = text.plist.xml; path = "CrowdSensing-iOS-Info.plist"; sourceTree = "<group>"; };
		CFFF325F19796BF600F7CE57 /* en */ = {isa = PBXFileReference; lastKnownFileType = text.plist.strings; name = en; path = en.lproj/InfoPlist.strings; sourceTree = "<group>"; };
		CFFF326119796BF600F7CE57 /* main.m */ = {isa = PBXFileReference; lastKnownFileType = sourcecode.c.objc; path = main.m; sourceTree = "<group>"; };
		CFFF326319796BF600F7CE57 /* CrowdSensing-iOS-Prefix.pch */ = {isa = PBXFileReference; lastKnownFileType = sourcecode.c.h; path = "CrowdSensing-iOS-Prefix.pch"; sourceTree = "<group>"; };
		CFFF326419796BF600F7CE57 /* CSAppDelegate.h */ = {isa = PBXFileReference; lastKnownFileType = sourcecode.c.h; path = CSAppDelegate.h; sourceTree = "<group>"; };
		CFFF326519796BF600F7CE57 /* CSAppDelegate.m */ = {isa = PBXFileReference; lastKnownFileType = sourcecode.c.objc; path = CSAppDelegate.m; sourceTree = "<group>"; };
		CFFF326819796BF600F7CE57 /* Base */ = {isa = PBXFileReference; lastKnownFileType = file.storyboard; name = Base; path = Base.lproj/Storyboard.storyboard; sourceTree = "<group>"; };
		CFFF326D19796BF600F7CE57 /* CSRecordViewController.h */ = {isa = PBXFileReference; lastKnownFileType = sourcecode.c.h; path = CSRecordViewController.h; sourceTree = "<group>"; };
		CFFF326E19796BF600F7CE57 /* CSRecordViewController.m */ = {isa = PBXFileReference; lastKnownFileType = sourcecode.c.objc; path = CSRecordViewController.m; sourceTree = "<group>"; };
		CFFF327019796BF600F7CE57 /* Images.xcassets */ = {isa = PBXFileReference; lastKnownFileType = folder.assetcatalog; path = Images.xcassets; sourceTree = "<group>"; };
		CFFF327619796BF600F7CE57 /* CrowdSensing-iOSTests.xctest */ = {isa = PBXFileReference; explicitFileType = wrapper.cfbundle; includeInIndex = 0; path = "CrowdSensing-iOSTests.xctest"; sourceTree = BUILT_PRODUCTS_DIR; };
		CFFF327F19796BF600F7CE57 /* CrowdSensing-iOSTests-Info.plist */ = {isa = PBXFileReference; lastKnownFileType = text.plist.xml; path = "CrowdSensing-iOSTests-Info.plist"; sourceTree = "<group>"; };
		CFFF328119796BF600F7CE57 /* en */ = {isa = PBXFileReference; lastKnownFileType = text.plist.strings; name = en; path = en.lproj/InfoPlist.strings; sourceTree = "<group>"; };
		CFFF328319796BF600F7CE57 /* CrowdSensing_iOSTests.m */ = {isa = PBXFileReference; lastKnownFileType = sourcecode.c.objc; path = CrowdSensing_iOSTests.m; sourceTree = "<group>"; };
/* End PBXFileReference section */

/* Begin PBXFrameworksBuildPhase section */
		CFFF324F19796BF600F7CE57 /* Frameworks */ = {
			isa = PBXFrameworksBuildPhase;
			buildActionMask = 2147483647;
			files = (
				CF8E9BE01B336195005AC2FC /* CoreData.framework in Frameworks */,
				CFFF325819796BF600F7CE57 /* CoreGraphics.framework in Frameworks */,
				CFFF325A19796BF600F7CE57 /* UIKit.framework in Frameworks */,
				CF3F84F21A20CC6700FAFA58 /* SensingKit.framework in Frameworks */,
				CFFF325619796BF600F7CE57 /* Foundation.framework in Frameworks */,
			);
			runOnlyForDeploymentPostprocessing = 0;
		};
		CFFF327319796BF600F7CE57 /* Frameworks */ = {
			isa = PBXFrameworksBuildPhase;
			buildActionMask = 2147483647;
			files = (
				CFFF327A19796BF600F7CE57 /* UIKit.framework in Frameworks */,
				CFFF327919796BF600F7CE57 /* Foundation.framework in Frameworks */,
			);
			runOnlyForDeploymentPostprocessing = 0;
		};
/* End PBXFrameworksBuildPhase section */

/* Begin PBXGroup section */
		CF18C38A19ED408800E295CB /* Settings */ = {
			isa = PBXGroup;
			children = (
				CF18C39119ED439B00E295CB /* CSSetupTableViewController.h */,
				CF18C39219ED439B00E295CB /* CSSetupTableViewController.m */,
				CF18C39419ED446500E295CB /* CSSensorSetupTableViewController.h */,
				CF18C39519ED446500E295CB /* CSSensorSetupTableViewController.m */,
				CF18C39719ED4B6000E295CB /* Sensor Setup */,
			);
			name = Settings;
			sourceTree = "<group>";
		};
		CF18C39719ED4B6000E295CB /* Sensor Setup */ = {
			isa = PBXGroup;
			children = (
				CF18C3AA19ED4E3500E295CB /* CSGenericSensorSetup.h */,
				CF18C3AB19ED4E3500E295CB /* CSGenericSensorSetup.m */,
				CF18C39E19ED4BDC00E295CB /* CSSimpleSensorSetup.h */,
				CF18C39F19ED4BDC00E295CB /* CSSimpleSensorSetup.m */,
				CF18C39B19ED4BA400E295CB /* CSSamplingRateSensorSetup.h */,
				CF18C39C19ED4BA400E295CB /* CSSamplingRateSensorSetup.m */,
				CF18C3A719ED4C7700E295CB /* CSSelectSamplingRate.h */,
				CF18C3A819ED4C7700E295CB /* CSSelectSamplingRate.m */,
				CF18C3A119ED4C0000E295CB /* CSLocationSensorSetup.h */,
				CF18C3A219ED4C0000E295CB /* CSLocationSensorSetup.m */,
				CF18C3A419ED4C1200E295CB /* CSProximitySensorSetup.h */,
				CF18C3A519ED4C1200E295CB /* CSProximitySensorSetup.m */,
			);
			name = "Sensor Setup";
			sourceTree = "<group>";
		};
		CF52989A1A0D1149002A4D54 /* PaintCode generated files */ = {
			isa = PBXGroup;
			children = (
				CF5298971A0D1141002A4D54 /* SKStyles.h */,
				CF5298981A0D1141002A4D54 /* SKStyles.m */,
			);
			name = "PaintCode generated files";
			sourceTree = "<group>";
		};
		CF8E9BDE1B3360AD005AC2FC /* Categories */ = {
			isa = PBXGroup;
			children = (
				CF8E9BF81B344EF3005AC2FC /* Recording+Create.h */,
				CF8E9BF91B344EF3005AC2FC /* Recording+Create.m */,
				CF8E9BFB1B346733005AC2FC /* LogEntry+Create.h */,
				CF8E9BFC1B346733005AC2FC /* LogEntry+Create.m */,
				CF8E9BF21B344D4B005AC2FC /* Recording.h */,
				CF8E9BF31B344D4B005AC2FC /* Recording.m */,
				CF8E9BEF1B344D4B005AC2FC /* LogEntry.h */,
				CF8E9BF01B344D4B005AC2FC /* LogEntry.m */,
			);
			name = Categories;
			sourceTree = "<group>";
		};
		CFFF324919796BF600F7CE57 = {
			isa = PBXGroup;
			children = (
				CF52989A1A0D1149002A4D54 /* PaintCode generated files */,
				CFFF325B19796BF600F7CE57 /* CrowdSensing-iOS */,
				CFFF327D19796BF600F7CE57 /* CrowdSensing-iOSTests */,
				CFFF325419796BF600F7CE57 /* Frameworks */,
				CFFF325319796BF600F7CE57 /* Products */,
			);
			sourceTree = "<group>";
		};
		CFFF325319796BF600F7CE57 /* Products */ = {
			isa = PBXGroup;
			children = (
				CFFF325219796BF600F7CE57 /* CrowdSensing-iOS.app */,
				CFFF327619796BF600F7CE57 /* CrowdSensing-iOSTests.xctest */,
			);
			name = Products;
			sourceTree = "<group>";
		};
		CFFF325419796BF600F7CE57 /* Frameworks */ = {
			isa = PBXGroup;
			children = (
				CFF581D91A0EA56400CBEE4D /* libz.dylib */,
				CF8E9BDF1B336195005AC2FC /* CoreData.framework */,
				CF3F84F11A20CC6700FAFA58 /* SensingKit.framework */,
				CFFF325519796BF600F7CE57 /* Foundation.framework */,
				CFFF325719796BF600F7CE57 /* CoreGraphics.framework */,
				CFFF325919796BF600F7CE57 /* UIKit.framework */,
			);
			name = Frameworks;
			sourceTree = "<group>";
		};
		CFFF325B19796BF600F7CE57 /* CrowdSensing-iOS */ = {
			isa = PBXGroup;
			children = (
				CFFF327019796BF600F7CE57 /* Images.xcassets */,
				CF8E9BEC1B342C6D005AC2FC /* CSMainTableTableViewController.h */,
				CF8E9BED1B342C6D005AC2FC /* CSMainTableTableViewController.m */,
				CFB7CD1F19F2E2BC00F6B406 /* CSInfoViewController.h */,
				CFB7CD2019F2E2BC00F6B406 /* CSInfoViewController.m */,
				CFFF326D19796BF600F7CE57 /* CSRecordViewController.h */,
				CFFF326E19796BF600F7CE57 /* CSRecordViewController.m */,
				CFB668BA1B5434BC00D3ED80 /* CSSensingSession.h */,
				CFB668BB1B5434BC00D3ED80 /* CSSensingSession.m */,
				CFB668BD1B5434CC00D3ED80 /* CSModelWriter.h */,
				CFB668BE1B5434CC00D3ED80 /* CSModelWriter.m */,
				CFD450271B885C4900E2E78D /* CSInformationModelWriter.h */,
				CFD450281B885C4900E2E78D /* CSInformationModelWriter.m */,
				CFC0F8AC19EC2242006CA622 /* CSRoundButton.h */,
				CFC0F8AD19EC2242006CA622 /* CSRoundButton.m */,
				CF18C38A19ED408800E295CB /* Settings */,
				CF8E9BDE1B3360AD005AC2FC /* Categories */,
				CFFF325C19796BF600F7CE57 /* Supporting Files */,
				CF8E9BD51B3356E6005AC2FC /* Model.xcdatamodeld */,
				CFFF326719796BF600F7CE57 /* Storyboard.storyboard */,
				CFD450421B8A0DEC00E2E78D /* Settings.bundle */,
			);
			path = "CrowdSensing-iOS";
			sourceTree = "<group>";
		};
		CFFF325C19796BF600F7CE57 /* Supporting Files */ = {
			isa = PBXGroup;
			children = (
				CFFF326419796BF600F7CE57 /* CSAppDelegate.h */,
				CFFF326519796BF600F7CE57 /* CSAppDelegate.m */,
				CF8E9BE91B342BB9005AC2FC /* CoreDataTableViewController.h */,
				CF8E9BEA1B342BB9005AC2FC /* CoreDataTableViewController.m */,
				CFFF325D19796BF600F7CE57 /* CrowdSensing-iOS-Info.plist */,
				CFFF325E19796BF600F7CE57 /* InfoPlist.strings */,
				CFFF326119796BF600F7CE57 /* main.m */,
				CFFF326319796BF600F7CE57 /* CrowdSensing-iOS-Prefix.pch */,
			);
			name = "Supporting Files";
			sourceTree = "<group>";
		};
		CFFF327D19796BF600F7CE57 /* CrowdSensing-iOSTests */ = {
			isa = PBXGroup;
			children = (
				CFFF328319796BF600F7CE57 /* CrowdSensing_iOSTests.m */,
				CFFF327E19796BF600F7CE57 /* Supporting Files */,
			);
			path = "CrowdSensing-iOSTests";
			sourceTree = "<group>";
		};
		CFFF327E19796BF600F7CE57 /* Supporting Files */ = {
			isa = PBXGroup;
			children = (
				CFFF327F19796BF600F7CE57 /* CrowdSensing-iOSTests-Info.plist */,
				CFFF328019796BF600F7CE57 /* InfoPlist.strings */,
			);
			name = "Supporting Files";
			sourceTree = "<group>";
		};
/* End PBXGroup section */

/* Begin PBXNativeTarget section */
		CFFF325119796BF600F7CE57 /* CrowdSensing-iOS */ = {
			isa = PBXNativeTarget;
			buildConfigurationList = CFFF328719796BF600F7CE57 /* Build configuration list for PBXNativeTarget "CrowdSensing-iOS" */;
			buildPhases = (
				CFFF324E19796BF600F7CE57 /* Sources */,
				CFFF324F19796BF600F7CE57 /* Frameworks */,
				CFFF325019796BF600F7CE57 /* Resources */,
			);
			buildRules = (
			);
			dependencies = (
			);
			name = "CrowdSensing-iOS";
			productName = "CrowdSensing-iOS";
			productReference = CFFF325219796BF600F7CE57 /* CrowdSensing-iOS.app */;
			productType = "com.apple.product-type.application";
		};
		CFFF327519796BF600F7CE57 /* CrowdSensing-iOSTests */ = {
			isa = PBXNativeTarget;
			buildConfigurationList = CFFF328A19796BF600F7CE57 /* Build configuration list for PBXNativeTarget "CrowdSensing-iOSTests" */;
			buildPhases = (
				CFFF327219796BF600F7CE57 /* Sources */,
				CFFF327319796BF600F7CE57 /* Frameworks */,
				CFFF327419796BF600F7CE57 /* Resources */,
			);
			buildRules = (
			);
			dependencies = (
				CFFF327C19796BF600F7CE57 /* PBXTargetDependency */,
			);
			name = "CrowdSensing-iOSTests";
			productName = "CrowdSensing-iOSTests";
			productReference = CFFF327619796BF600F7CE57 /* CrowdSensing-iOSTests.xctest */;
			productType = "com.apple.product-type.bundle.unit-test";
		};
/* End PBXNativeTarget section */

/* Begin PBXProject section */
		CFFF324A19796BF600F7CE57 /* Project object */ = {
			isa = PBXProject;
			attributes = {
				CLASSPREFIX = CS;
				LastUpgradeCheck = 0510;
				ORGANIZATIONNAME = "Kleomenis Katevas";
				TargetAttributes = {
					CFFF325119796BF600F7CE57 = {
						DevelopmentTeam = 9T92P8D3FB;
						SystemCapabilities = {
							com.apple.DataProtection = {
								enabled = 1;
							};
						};
					};
					CFFF327519796BF600F7CE57 = {
						TestTargetID = CFFF325119796BF600F7CE57;
					};
				};
			};
			buildConfigurationList = CFFF324D19796BF600F7CE57 /* Build configuration list for PBXProject "CrowdSensing-iOS" */;
			compatibilityVersion = "Xcode 3.2";
			developmentRegion = English;
			hasScannedForEncodings = 0;
			knownRegions = (
				en,
				Base,
			);
			mainGroup = CFFF324919796BF600F7CE57;
			productRefGroup = CFFF325319796BF600F7CE57 /* Products */;
			projectDirPath = "";
			projectRoot = "";
			targets = (
				CFFF325119796BF600F7CE57 /* CrowdSensing-iOS */,
				CFFF327519796BF600F7CE57 /* CrowdSensing-iOSTests */,
			);
		};
/* End PBXProject section */

/* Begin PBXResourcesBuildPhase section */
		CFFF325019796BF600F7CE57 /* Resources */ = {
			isa = PBXResourcesBuildPhase;
			buildActionMask = 2147483647;
			files = (
				CFD450431B8A0DEC00E2E78D /* Settings.bundle in Resources */,
				CF52989B1A0D16C4002A4D54 /* Storyboard.storyboard in Resources */,
				CFFF327119796BF600F7CE57 /* Images.xcassets in Resources */,
				CFFF326019796BF600F7CE57 /* InfoPlist.strings in Resources */,
			);
			runOnlyForDeploymentPostprocessing = 0;
		};
		CFFF327419796BF600F7CE57 /* Resources */ = {
			isa = PBXResourcesBuildPhase;
			buildActionMask = 2147483647;
			files = (
				CFFF328219796BF600F7CE57 /* InfoPlist.strings in Resources */,
			);
			runOnlyForDeploymentPostprocessing = 0;
		};
/* End PBXResourcesBuildPhase section */

/* Begin PBXSourcesBuildPhase section */
		CFFF324E19796BF600F7CE57 /* Sources */ = {
			isa = PBXSourcesBuildPhase;
			buildActionMask = 2147483647;
			files = (
				CFC0F8AE19EC2242006CA622 /* CSRoundButton.m in Sources */,
				CF8E9BFD1B346733005AC2FC /* LogEntry+Create.m in Sources */,
				CFFF326619796BF600F7CE57 /* CSAppDelegate.m in Sources */,
				CFFF326219796BF600F7CE57 /* main.m in Sources */,
				CF18C3AC19ED4E3500E295CB /* CSGenericSensorSetup.m in Sources */,
				CF8E9BEB1B342BB9005AC2FC /* CoreDataTableViewController.m in Sources */,
				CF5298991A0D1141002A4D54 /* SKStyles.m in Sources */,
				CFD450291B885C4900E2E78D /* CSInformationModelWriter.m in Sources */,
				CF18C3A019ED4BDC00E295CB /* CSSimpleSensorSetup.m in Sources */,
				CFB668BC1B5434BC00D3ED80 /* CSSensingSession.m in Sources */,
				CF18C39619ED446500E295CB /* CSSensorSetupTableViewController.m in Sources */,
				CF8E9BF11B344D4B005AC2FC /* LogEntry.m in Sources */,
				CFB7CD2119F2E2BC00F6B406 /* CSInfoViewController.m in Sources */,
				CF18C3A619ED4C1200E295CB /* CSProximitySensorSetup.m in Sources */,
				CF8E9BF41B344D4B005AC2FC /* Recording.m in Sources */,
				CFFF326F19796BF600F7CE57 /* CSRecordViewController.m in Sources */,
				CF8E9BFA1B344EF3005AC2FC /* Recording+Create.m in Sources */,
				CF18C3A919ED4C7700E295CB /* CSSelectSamplingRate.m in Sources */,
				CF8E9BD71B3356E6005AC2FC /* Model.xcdatamodeld in Sources */,
				CF8E9BEE1B342C6D005AC2FC /* CSMainTableTableViewController.m in Sources */,
				CF18C3A319ED4C0000E295CB /* CSLocationSensorSetup.m in Sources */,
				CF18C39319ED439B00E295CB /* CSSetupTableViewController.m in Sources */,
				CFB668BF1B5434CC00D3ED80 /* CSModelWriter.m in Sources */,
				CF18C39D19ED4BA400E295CB /* CSSamplingRateSensorSetup.m in Sources */,
			);
			runOnlyForDeploymentPostprocessing = 0;
		};
		CFFF327219796BF600F7CE57 /* Sources */ = {
			isa = PBXSourcesBuildPhase;
			buildActionMask = 2147483647;
			files = (
				CFFF328419796BF600F7CE57 /* CrowdSensing_iOSTests.m in Sources */,
			);
			runOnlyForDeploymentPostprocessing = 0;
		};
/* End PBXSourcesBuildPhase section */

/* Begin PBXTargetDependency section */
		CFFF327C19796BF600F7CE57 /* PBXTargetDependency */ = {
			isa = PBXTargetDependency;
			target = CFFF325119796BF600F7CE57 /* CrowdSensing-iOS */;
			targetProxy = CFFF327B19796BF600F7CE57 /* PBXContainerItemProxy */;
		};
/* End PBXTargetDependency section */

/* Begin PBXVariantGroup section */
		CFFF325E19796BF600F7CE57 /* InfoPlist.strings */ = {
			isa = PBXVariantGroup;
			children = (
				CFFF325F19796BF600F7CE57 /* en */,
			);
			name = InfoPlist.strings;
			sourceTree = "<group>";
		};
		CFFF326719796BF600F7CE57 /* Storyboard.storyboard */ = {
			isa = PBXVariantGroup;
			children = (
				CFFF326819796BF600F7CE57 /* Base */,
			);
			name = Storyboard.storyboard;
			sourceTree = "<group>";
		};
		CFFF328019796BF600F7CE57 /* InfoPlist.strings */ = {
			isa = PBXVariantGroup;
			children = (
				CFFF328119796BF600F7CE57 /* en */,
			);
			name = InfoPlist.strings;
			sourceTree = "<group>";
		};
/* End PBXVariantGroup section */

/* Begin XCBuildConfiguration section */
		CFFF328519796BF600F7CE57 /* Debug */ = {
			isa = XCBuildConfiguration;
			buildSettings = {
				ALWAYS_SEARCH_USER_PATHS = NO;
				CLANG_CXX_LANGUAGE_STANDARD = "gnu++0x";
				CLANG_CXX_LIBRARY = "libc++";
				CLANG_ENABLE_MODULES = YES;
				CLANG_ENABLE_OBJC_ARC = YES;
				CLANG_WARN_BOOL_CONVERSION = YES;
				CLANG_WARN_CONSTANT_CONVERSION = YES;
				CLANG_WARN_DIRECT_OBJC_ISA_USAGE = YES_ERROR;
				CLANG_WARN_EMPTY_BODY = YES;
				CLANG_WARN_ENUM_CONVERSION = YES;
				CLANG_WARN_INT_CONVERSION = YES;
				CLANG_WARN_OBJC_ROOT_CLASS = YES_ERROR;
				CLANG_WARN__DUPLICATE_METHOD_MATCH = YES;
				"CODE_SIGN_IDENTITY[sdk=iphoneos*]" = "iPhone Developer";
				COPY_PHASE_STRIP = NO;
				GCC_C_LANGUAGE_STANDARD = gnu99;
				GCC_DYNAMIC_NO_PIC = NO;
				GCC_OPTIMIZATION_LEVEL = 0;
				GCC_PREPROCESSOR_DEFINITIONS = (
					"DEBUG=1",
					"$(inherited)",
				);
				GCC_SYMBOLS_PRIVATE_EXTERN = NO;
				GCC_WARN_64_TO_32_BIT_CONVERSION = YES;
				GCC_WARN_ABOUT_RETURN_TYPE = YES_ERROR;
				GCC_WARN_UNDECLARED_SELECTOR = YES;
				GCC_WARN_UNINITIALIZED_AUTOS = YES_AGGRESSIVE;
				GCC_WARN_UNUSED_FUNCTION = YES;
				GCC_WARN_UNUSED_VARIABLE = YES;
				IPHONEOS_DEPLOYMENT_TARGET = 7.1;
				ONLY_ACTIVE_ARCH = YES;
				SDKROOT = iphoneos;
				TARGETED_DEVICE_FAMILY = "1,2";
			};
			name = Debug;
		};
		CFFF328619796BF600F7CE57 /* Release */ = {
			isa = XCBuildConfiguration;
			buildSettings = {
				ALWAYS_SEARCH_USER_PATHS = NO;
				CLANG_CXX_LANGUAGE_STANDARD = "gnu++0x";
				CLANG_CXX_LIBRARY = "libc++";
				CLANG_ENABLE_MODULES = YES;
				CLANG_ENABLE_OBJC_ARC = YES;
				CLANG_WARN_BOOL_CONVERSION = YES;
				CLANG_WARN_CONSTANT_CONVERSION = YES;
				CLANG_WARN_DIRECT_OBJC_ISA_USAGE = YES_ERROR;
				CLANG_WARN_EMPTY_BODY = YES;
				CLANG_WARN_ENUM_CONVERSION = YES;
				CLANG_WARN_INT_CONVERSION = YES;
				CLANG_WARN_OBJC_ROOT_CLASS = YES_ERROR;
				CLANG_WARN__DUPLICATE_METHOD_MATCH = YES;
				"CODE_SIGN_IDENTITY[sdk=iphoneos*]" = "iPhone Developer";
				COPY_PHASE_STRIP = YES;
				ENABLE_NS_ASSERTIONS = NO;
				GCC_C_LANGUAGE_STANDARD = gnu99;
				GCC_WARN_64_TO_32_BIT_CONVERSION = YES;
				GCC_WARN_ABOUT_RETURN_TYPE = YES_ERROR;
				GCC_WARN_UNDECLARED_SELECTOR = YES;
				GCC_WARN_UNINITIALIZED_AUTOS = YES_AGGRESSIVE;
				GCC_WARN_UNUSED_FUNCTION = YES;
				GCC_WARN_UNUSED_VARIABLE = YES;
				IPHONEOS_DEPLOYMENT_TARGET = 7.1;
				SDKROOT = iphoneos;
				TARGETED_DEVICE_FAMILY = "1,2";
				VALIDATE_PRODUCT = YES;
			};
			name = Release;
		};
		CFFF328819796BF600F7CE57 /* Debug */ = {
			isa = XCBuildConfiguration;
			buildSettings = {
				ASSETCATALOG_COMPILER_APPICON_NAME = AppIcon;
				ASSETCATALOG_COMPILER_LAUNCHIMAGE_NAME = LaunchImage;
				CODE_SIGN_IDENTITY = "iPhone Developer";
				FRAMEWORK_SEARCH_PATHS = (
					"$(inherited)",
					"$(PROJECT_DIR)",
				);
				GCC_PRECOMPILE_PREFIX_HEADER = YES;
				GCC_PREFIX_HEADER = "CrowdSensing-iOS/CrowdSensing-iOS-Prefix.pch";
				INFOPLIST_FILE = "CrowdSensing-iOS/CrowdSensing-iOS-Info.plist";
				OTHER_LDFLAGS = "-ObjC";
				PRODUCT_NAME = "$(TARGET_NAME)";
				TARGETED_DEVICE_FAMILY = "1,2";
				WRAPPER_EXTENSION = app;
			};
			name = Debug;
		};
		CFFF328919796BF600F7CE57 /* Release */ = {
			isa = XCBuildConfiguration;
			buildSettings = {
				ASSETCATALOG_COMPILER_APPICON_NAME = AppIcon;
				ASSETCATALOG_COMPILER_LAUNCHIMAGE_NAME = LaunchImage;
				CODE_SIGN_IDENTITY = "iPhone Developer";
				FRAMEWORK_SEARCH_PATHS = (
					"$(inherited)",
					"$(PROJECT_DIR)",
				);
				GCC_PRECOMPILE_PREFIX_HEADER = YES;
				GCC_PREFIX_HEADER = "CrowdSensing-iOS/CrowdSensing-iOS-Prefix.pch";
				INFOPLIST_FILE = "CrowdSensing-iOS/CrowdSensing-iOS-Info.plist";
				OTHER_LDFLAGS = "-ObjC";
				PRODUCT_NAME = "$(TARGET_NAME)";
				TARGETED_DEVICE_FAMILY = "1,2";
				WRAPPER_EXTENSION = app;
			};
			name = Release;
		};
		CFFF328B19796BF600F7CE57 /* Debug */ = {
			isa = XCBuildConfiguration;
			buildSettings = {
				BUNDLE_LOADER = "$(BUILT_PRODUCTS_DIR)/CrowdSensing-iOS.app/CrowdSensing-iOS";
				FRAMEWORK_SEARCH_PATHS = (
					"$(SDKROOT)/Developer/Library/Frameworks",
					"$(inherited)",
					"$(DEVELOPER_FRAMEWORKS_DIR)",
				);
				GCC_PRECOMPILE_PREFIX_HEADER = YES;
				GCC_PREFIX_HEADER = "CrowdSensing-iOS/CrowdSensing-iOS-Prefix.pch";
				GCC_PREPROCESSOR_DEFINITIONS = (
					"DEBUG=1",
					"$(inherited)",
				);
				INFOPLIST_FILE = "CrowdSensing-iOSTests/CrowdSensing-iOSTests-Info.plist";
				PRODUCT_NAME = "$(TARGET_NAME)";
				TEST_HOST = "$(BUNDLE_LOADER)";
				WRAPPER_EXTENSION = xctest;
			};
			name = Debug;
		};
		CFFF328C19796BF600F7CE57 /* Release */ = {
			isa = XCBuildConfiguration;
			buildSettings = {
				BUNDLE_LOADER = "$(BUILT_PRODUCTS_DIR)/CrowdSensing-iOS.app/CrowdSensing-iOS";
				FRAMEWORK_SEARCH_PATHS = (
					"$(SDKROOT)/Developer/Library/Frameworks",
					"$(inherited)",
					"$(DEVELOPER_FRAMEWORKS_DIR)",
				);
				GCC_PRECOMPILE_PREFIX_HEADER = YES;
				GCC_PREFIX_HEADER = "CrowdSensing-iOS/CrowdSensing-iOS-Prefix.pch";
				INFOPLIST_FILE = "CrowdSensing-iOSTests/CrowdSensing-iOSTests-Info.plist";
				PRODUCT_NAME = "$(TARGET_NAME)";
				TEST_HOST = "$(BUNDLE_LOADER)";
				WRAPPER_EXTENSION = xctest;
			};
			name = Release;
		};
/* End XCBuildConfiguration section */

/* Begin XCConfigurationList section */
		CFFF324D19796BF600F7CE57 /* Build configuration list for PBXProject "CrowdSensing-iOS" */ = {
			isa = XCConfigurationList;
			buildConfigurations = (
				CFFF328519796BF600F7CE57 /* Debug */,
				CFFF328619796BF600F7CE57 /* Release */,
			);
			defaultConfigurationIsVisible = 0;
			defaultConfigurationName = Release;
		};
		CFFF328719796BF600F7CE57 /* Build configuration list for PBXNativeTarget "CrowdSensing-iOS" */ = {
			isa = XCConfigurationList;
			buildConfigurations = (
				CFFF328819796BF600F7CE57 /* Debug */,
				CFFF328919796BF600F7CE57 /* Release */,
			);
			defaultConfigurationIsVisible = 0;
			defaultConfigurationName = Release;
		};
		CFFF328A19796BF600F7CE57 /* Build configuration list for PBXNativeTarget "CrowdSensing-iOSTests" */ = {
			isa = XCConfigurationList;
			buildConfigurations = (
				CFFF328B19796BF600F7CE57 /* Debug */,
				CFFF328C19796BF600F7CE57 /* Release */,
			);
			defaultConfigurationIsVisible = 0;
			defaultConfigurationName = Release;
		};
/* End XCConfigurationList section */

/* Begin XCVersionGroup section */
		CF8E9BD51B3356E6005AC2FC /* Model.xcdatamodeld */ = {
			isa = XCVersionGroup;
			children = (
				CF8E9BD61B3356E6005AC2FC /* Model.xcdatamodel */,
			);
			currentVersion = CF8E9BD61B3356E6005AC2FC /* Model.xcdatamodel */;
			path = Model.xcdatamodeld;
			sourceTree = "<group>";
			versionGroupType = wrapper.xcdatamodel;
		};
/* End XCVersionGroup section */
	};
	rootObject = CFFF324A19796BF600F7CE57 /* Project object */;
}
